Microsoft Visual Studio Solution File, Format Version 12.00
# Visual Studio Version 17
VisualStudioVersion = 17.5.2.0
MinimumVisualStudioVersion = 10.0.40219.1
Project("{2150E333-8FDC-42A3-9474-1A3956D46DE8}") = "backend-cs", "backend-cs", "{D7D2D099-A944-6F79-7C7C-B162BCC0815F}"
EndProject
Project("{FAE04EC0-301F-11D3-BF4B-00C04F79EFBC}") = "AgendaCS.Backend", "backend-cs\AgendaCS.Backend.csproj", "{54D21AA0-8373-6B7F-A271-04402B94AC4B}"
EndProject
Global
	GlobalSection(SolutionConfigurationPlatforms) = preSolution
		Debug|Any CPU = Debug|Any CPU
		Release|Any CPU = Release|Any CPU
	EndGlobalSection
	GlobalSection(ProjectConfigurationPlatforms) = postSolution
		{54D21AA0-8373-6B7F-A271-04402B94AC4B}.Debug|Any CPU.ActiveCfg = Debug|Any CPU
		{54D21AA0-8373-6B7F-A271-04402B94AC4B}.Debug|Any CPU.Build.0 = Debug|Any CPU
		{54D21AA0-8373-6B7F-A271-04402B94AC4B}.Release|Any CPU.ActiveCfg = Release|Any CPU
		{54D21AA0-8373-6B7F-A271-04402B94AC4B}.Release|Any CPU.Build.0 = Release|Any CPU
	EndGlobalSection
	GlobalSection(SolutionProperties) = preSolution
		HideSolutionNode = FALSE
	EndGlobalSection
	GlobalSection(NestedProjects) = preSolution
		{54D21AA0-8373-6B7F-A271-04402B94AC4B} = {D7D2D099-A944-6F79-7C7C-B162BCC0815F}
	EndGlobalSection
	GlobalSection(ExtensibilityGlobals) = postSolution
		SolutionGuid = {59327790-5DA6-44FF-957E-FB63CE540D6B}
	EndGlobalSection
EndGlobal
